{
  "name": "@siarhei/middleware",
  "version": "1.1.6",
  "lockfileVersion": 1,
  "requires": true,
  "dependencies": {
    "@siarhei/logger": {
      "version": "1.0.5",
      "resolved": "https://registry.npmjs.org/@siarhei/logger/-/logger-1.0.5.tgz",
      "integrity": "sha512-Szp2Mp17lwp39+VIiv3yRovA9n/ZCF0G1eygRM7RfIpk6bqiUKss7CyfJm7J+b47hpRLA2M9HYFIiRg32fC7Jw=="
    }
  }
}
