{
  "name": "@siarhei/tracer",
  "version": "2.1.2",
  "lockfileVersion": 1,
  "requires": true,
  "dependencies": {
    "@siarhei/logger": {
      "version": "1.0.5",
      "resolved": "https://registry.npmjs.org/@siarhei/logger/-/logger-1.0.5.tgz",
      "integrity": "sha512-Szp2Mp17lwp39+VIiv3yRovA9n/ZCF0G1eygRM7RfIpk6bqiUKss7CyfJm7J+b47hpRLA2M9HYFIiRg32fC7Jw=="
    },
    "@siarhei/middleware": {
      "version": "1.1.6",
      "resolved": "https://registry.npmjs.org/@siarhei/middleware/-/middleware-1.1.6.tgz",
      "integrity": "sha512-SJSNjghMNh1PZ7AKVChXqkWYEJq/8JUmJ4z1aFuEB5dwSMIIqQBoJYfkSNrPhtW5WbnAkx2GvFueurU38ebzzw==",
      "requires": {
        "@siarhei/logger": "^1.0.5"
      }
    },
    "opentracing": {
      "version": "0.14.4",
      "resolved": "https://registry.npmjs.org/opentracing/-/opentracing-0.14.4.tgz",
      "integrity": "sha512-nNnZDkUNExBwEpb7LZaeMeQgvrlO8l4bgY/LvGNZCR0xG/dGWqHqjKrAmR5GUoYo0FIz38kxasvA1aevxWs2CA=="
    }
  }
}
